
Microsoft Visual Studio Solution File, Format Version 12.00
# Visual Studio Version 16
VisualStudioVersion = 16.0.29806.167
MinimumVisualStudioVersion = 10.0.40219.1
Project("{2150E333-8FDC-42A3-9474-1A3956D46DE8}") = "Solution Items", "Solution Items", "{AD7BBBB3-0056-488C-A664-53AE15EA1EB7}"
	ProjectSection(SolutionItems) = preProject
		CodeAnalysis.ruleset = CodeAnalysis.ruleset
	EndProjectSection
EndProject
Project("{2150E333-8FDC-42A3-9474-1A3956D46DE8}") = "_Shared", "_Shared", "{127DDE52-244E-411F-A62D-AC0C5EFECAC8}"
EndProject
Project("{2150E333-8FDC-42A3-9474-1A3956D46DE8}") = "Service", "Service", "{2F4CE6BF-6803-4D6F-A49A-CAC623E04A02}"
EndProject
Project("{2150E333-8FDC-42A3-9474-1A3956D46DE8}") = "Database", "Database", "{182A943C-6C4E-4153-9AFA-8BD233AE1D04}"
EndProject
Project("{2150E333-8FDC-42A3-9474-1A3956D46DE8}") = "Framework", "Framework", "{D19734B6-6BA4-45F4-A029-3E81866AC915}"
EndProject
Project("{2150E333-8FDC-42A3-9474-1A3956D46DE8}") = "Web", "Web", "{AA4DC841-CC54-45C4-9822-873060AC7389}"
EndProject
Project("{2150E333-8FDC-42A3-9474-1A3956D46DE8}") = "src", "src", "{4AFBE8D1-78B4-4F70-8C6A-07B284C790F6}"
EndProject
Project("{2150E333-8FDC-42A3-9474-1A3956D46DE8}") = "tests", "tests", "{0F57F2DD-7BA7-43BF-ABD3-64173C95ECBC}"
EndProject
Project("{2150E333-8FDC-42A3-9474-1A3956D46DE8}") = "src", "src", "{65E4199F-3E2E-41E3-AEE8-70DE7D6ACB5C}"
EndProject
Project("{2150E333-8FDC-42A3-9474-1A3956D46DE8}") = "tests", "tests", "{39158906-7BB5-45F5-BB10-5770F483B1BD}"
EndProject
Project("{2150E333-8FDC-42A3-9474-1A3956D46DE8}") = "src", "src", "{21E892D3-639C-4431-B481-28860B005680}"
EndProject
Project("{2150E333-8FDC-42A3-9474-1A3956D46DE8}") = "tests", "tests", "{34B121D7-919C-48FF-A9B7-CD56BB7AA11B}"
EndProject
Project("{2150E333-8FDC-42A3-9474-1A3956D46DE8}") = "src", "src", "{70F978B9-F6E2-40FE-BF8F-3E81D0E3CE4D}"
EndProject
Project("{2150E333-8FDC-42A3-9474-1A3956D46DE8}") = "tests", "tests", "{D684F7FA-9964-4A70-8D89-393ACD5CCE56}"
EndProject
Project("{2150E333-8FDC-42A3-9474-1A3956D46DE8}") = "src", "src", "{4784CB8D-38A2-4D47-8A12-9B06EDB959BD}"
EndProject
Project("{2150E333-8FDC-42A3-9474-1A3956D46DE8}") = "tests", "tests", "{700124C9-2EF6-4B15-BD14-D59A489A55B5}"
EndProject
Project("{9A19103F-16F7-4668-BE54-9A1E7A4F7556}") = "DustyBot.Core", "_Shared\src\DustyBot.Core\DustyBot.Core.csproj", "{922682EE-48CB-44E3-AB3A-D7B3B397180F}"
EndProject
Project("{9A19103F-16F7-4668-BE54-9A1E7A4F7556}") = "DustyBot.LastFm", "_Shared\src\DustyBot.LastFm\DustyBot.LastFm.csproj", "{0343DFE6-57AA-49FA-A2A2-8853809F0F7D}"
EndProject
Project("{9A19103F-16F7-4668-BE54-9A1E7A4F7556}") = "DustyBot.Core.Tests", "_Shared\tests\DustyBot.Core.Tests\DustyBot.Core.Tests.csproj", "{2BD562E5-060F-4B01-BC11-BE7EAC964BB3}"
EndProject
Project("{9A19103F-16F7-4668-BE54-9A1E7A4F7556}") = "DustyBot.Database.Core", "Database\src\DustyBot.Database.Core\DustyBot.Database.Core.csproj", "{86C3C78B-A923-4243-B579-24D7A0028381}"
EndProject
Project("{9A19103F-16F7-4668-BE54-9A1E7A4F7556}") = "DustyBot.Database.Mongo", "Database\src\DustyBot.Database.Mongo\DustyBot.Database.Mongo.csproj", "{3E50651D-9E5F-40B1-BA13-4F94CD0C4A92}"
EndProject
Project("{9A19103F-16F7-4668-BE54-9A1E7A4F7556}") = "DustyBot.Database.Services", "Database\src\DustyBot.Database.Services\DustyBot.Database.Services.csproj", "{580CE249-3802-4E1A-8882-1805B58FF7D5}"
EndProject
Project("{9A19103F-16F7-4668-BE54-9A1E7A4F7556}") = "DustyBot.Database.TableStorage", "Database\src\DustyBot.Database.TableStorage\DustyBot.Database.TableStorage.csproj", "{83B1E906-7C3D-4A95-B015-2ED3A9B47EA2}"
EndProject
Project("{9A19103F-16F7-4668-BE54-9A1E7A4F7556}") = "DustyBot.Framework", "Framework\src\DustyBot.Framework\DustyBot.Framework.csproj", "{9911B815-1FC2-4F0D-A882-E79A48DEC6FD}"
EndProject
Project("{9A19103F-16F7-4668-BE54-9A1E7A4F7556}") = "DustyBot.Web", "Web\src\DustyBot.Web\DustyBot.Web.csproj", "{D11B868A-128B-477B-8A53-84EB1304F16B}"
EndProject
Project("{9A19103F-16F7-4668-BE54-9A1E7A4F7556}") = "DustyBot.Service", "Service\src\DustyBot.Service\DustyBot.Service.csproj", "{CD68D15D-96B0-4EAA-86C2-75B407649BDC}"
EndProject
Project("{9A19103F-16F7-4668-BE54-9A1E7A4F7556}") = "DustyBot.Database.Services.Tests", "Database\tests\DustyBot.Database.Services.Tests\DustyBot.Database.Services.Tests.csproj", "{E93FACA2-34E4-48DC-B503-85E5E9F66AD8}"
EndProject
Project("{9A19103F-16F7-4668-BE54-9A1E7A4F7556}") = "DustyBot.Service.Tests", "Service\tests\DustyBot.Service.Tests\DustyBot.Service.Tests.csproj", "{DDE7C6A6-1389-4359-B213-4331963AF116}"
EndProject
Project("{9A19103F-16F7-4668-BE54-9A1E7A4F7556}") = "DustyBot.Framework.Tests", "Framework\tests\DustyBot.Framework.Tests\DustyBot.Framework.Tests.csproj", "{02A78073-20EE-40BA-B2D3-E480DA06C87C}"
EndProject
Project("{E53339B2-1760-4266-BCC7-CA923CBCF16C}") = "docker-compose", "docker-compose.dcproj", "{DE79B8C4-7A90-47EE-A965-06E3CB008A7C}"
EndProject
Global
	GlobalSection(SolutionConfigurationPlatforms) = preSolution
		Debug|Any CPU = Debug|Any CPU
		Release|Any CPU = Release|Any CPU
	EndGlobalSection
	GlobalSection(ProjectConfigurationPlatforms) = postSolution
		{922682EE-48CB-44E3-AB3A-D7B3B397180F}.Debug|Any CPU.ActiveCfg = Debug|Any CPU
		{922682EE-48CB-44E3-AB3A-D7B3B397180F}.Debug|Any CPU.Build.0 = Debug|Any CPU
		{922682EE-48CB-44E3-AB3A-D7B3B397180F}.Release|Any CPU.ActiveCfg = Release|Any CPU
		{922682EE-48CB-44E3-AB3A-D7B3B397180F}.Release|Any CPU.Build.0 = Release|Any CPU
		{0343DFE6-57AA-49FA-A2A2-8853809F0F7D}.Debug|Any CPU.ActiveCfg = Debug|Any CPU
		{0343DFE6-57AA-49FA-A2A2-8853809F0F7D}.Debug|Any CPU.Build.0 = Debug|Any CPU
		{0343DFE6-57AA-49FA-A2A2-8853809F0F7D}.Release|Any CPU.ActiveCfg = Release|Any CPU
		{0343DFE6-57AA-49FA-A2A2-8853809F0F7D}.Release|Any CPU.Build.0 = Release|Any CPU
		{2BD562E5-060F-4B01-BC11-BE7EAC964BB3}.Debug|Any CPU.ActiveCfg = Debug|Any CPU
		{2BD562E5-060F-4B01-BC11-BE7EAC964BB3}.Debug|Any CPU.Build.0 = Debug|Any CPU
		{2BD562E5-060F-4B01-BC11-BE7EAC964BB3}.Release|Any CPU.ActiveCfg = Release|Any CPU
		{2BD562E5-060F-4B01-BC11-BE7EAC964BB3}.Release|Any CPU.Build.0 = Release|Any CPU
		{86C3C78B-A923-4243-B579-24D7A0028381}.Debug|Any CPU.ActiveCfg = Debug|Any CPU
		{86C3C78B-A923-4243-B579-24D7A0028381}.Debug|Any CPU.Build.0 = Debug|Any CPU
		{86C3C78B-A923-4243-B579-24D7A0028381}.Release|Any CPU.ActiveCfg = Release|Any CPU
		{86C3C78B-A923-4243-B579-24D7A0028381}.Release|Any CPU.Build.0 = Release|Any CPU
		{3E50651D-9E5F-40B1-BA13-4F94CD0C4A92}.Debug|Any CPU.ActiveCfg = Debug|Any CPU
		{3E50651D-9E5F-40B1-BA13-4F94CD0C4A92}.Debug|Any CPU.Build.0 = Debug|Any CPU
		{3E50651D-9E5F-40B1-BA13-4F94CD0C4A92}.Release|Any CPU.ActiveCfg = Release|Any CPU
		{3E50651D-9E5F-40B1-BA13-4F94CD0C4A92}.Release|Any CPU.Build.0 = Release|Any CPU
		{580CE249-3802-4E1A-8882-1805B58FF7D5}.Debug|Any CPU.ActiveCfg = Debug|Any CPU
		{580CE249-3802-4E1A-8882-1805B58FF7D5}.Debug|Any CPU.Build.0 = Debug|Any CPU
		{580CE249-3802-4E1A-8882-1805B58FF7D5}.Release|Any CPU.ActiveCfg = Release|Any CPU
		{580CE249-3802-4E1A-8882-1805B58FF7D5}.Release|Any CPU.Build.0 = Release|Any CPU
		{83B1E906-7C3D-4A95-B015-2ED3A9B47EA2}.Debug|Any CPU.ActiveCfg = Debug|Any CPU
		{83B1E906-7C3D-4A95-B015-2ED3A9B47EA2}.Debug|Any CPU.Build.0 = Debug|Any CPU
		{83B1E906-7C3D-4A95-B015-2ED3A9B47EA2}.Release|Any CPU.ActiveCfg = Release|Any CPU
		{83B1E906-7C3D-4A95-B015-2ED3A9B47EA2}.Release|Any CPU.Build.0 = Release|Any CPU
		{9911B815-1FC2-4F0D-A882-E79A48DEC6FD}.Debug|Any CPU.ActiveCfg = Debug|Any CPU
		{9911B815-1FC2-4F0D-A882-E79A48DEC6FD}.Debug|Any CPU.Build.0 = Debug|Any CPU
		{9911B815-1FC2-4F0D-A882-E79A48DEC6FD}.Release|Any CPU.ActiveCfg = Release|Any CPU
		{9911B815-1FC2-4F0D-A882-E79A48DEC6FD}.Release|Any CPU.Build.0 = Release|Any CPU
		{D11B868A-128B-477B-8A53-84EB1304F16B}.Debug|Any CPU.ActiveCfg = Debug|Any CPU
		{D11B868A-128B-477B-8A53-84EB1304F16B}.Debug|Any CPU.Build.0 = Debug|Any CPU
		{D11B868A-128B-477B-8A53-84EB1304F16B}.Release|Any CPU.ActiveCfg = Release|Any CPU
		{D11B868A-128B-477B-8A53-84EB1304F16B}.Release|Any CPU.Build.0 = Release|Any CPU
		{CD68D15D-96B0-4EAA-86C2-75B407649BDC}.Debug|Any CPU.ActiveCfg = Debug|Any CPU
		{CD68D15D-96B0-4EAA-86C2-75B407649BDC}.Debug|Any CPU.Build.0 = Debug|Any CPU
		{CD68D15D-96B0-4EAA-86C2-75B407649BDC}.Release|Any CPU.ActiveCfg = Release|Any CPU
		{CD68D15D-96B0-4EAA-86C2-75B407649BDC}.Release|Any CPU.Build.0 = Release|Any CPU
		{E93FACA2-34E4-48DC-B503-85E5E9F66AD8}.Debug|Any CPU.ActiveCfg = Debug|Any CPU
		{E93FACA2-34E4-48DC-B503-85E5E9F66AD8}.Debug|Any CPU.Build.0 = Debug|Any CPU
		{E93FACA2-34E4-48DC-B503-85E5E9F66AD8}.Release|Any CPU.ActiveCfg = Release|Any CPU
		{E93FACA2-34E4-48DC-B503-85E5E9F66AD8}.Release|Any CPU.Build.0 = Release|Any CPU
		{DDE7C6A6-1389-4359-B213-4331963AF116}.Debug|Any CPU.ActiveCfg = Debug|Any CPU
		{DDE7C6A6-1389-4359-B213-4331963AF116}.Debug|Any CPU.Build.0 = Debug|Any CPU
		{DDE7C6A6-1389-4359-B213-4331963AF116}.Release|Any CPU.ActiveCfg = Release|Any CPU
		{DDE7C6A6-1389-4359-B213-4331963AF116}.Release|Any CPU.Build.0 = Release|Any CPU
		{02A78073-20EE-40BA-B2D3-E480DA06C87C}.Debug|Any CPU.ActiveCfg = Debug|Any CPU
		{02A78073-20EE-40BA-B2D3-E480DA06C87C}.Debug|Any CPU.Build.0 = Debug|Any CPU
		{02A78073-20EE-40BA-B2D3-E480DA06C87C}.Release|Any CPU.ActiveCfg = Release|Any CPU
		{02A78073-20EE-40BA-B2D3-E480DA06C87C}.Release|Any CPU.Build.0 = Release|Any CPU
		{DE79B8C4-7A90-47EE-A965-06E3CB008A7C}.Debug|Any CPU.ActiveCfg = Debug|Any CPU
		{DE79B8C4-7A90-47EE-A965-06E3CB008A7C}.Debug|Any CPU.Build.0 = Debug|Any CPU
		{DE79B8C4-7A90-47EE-A965-06E3CB008A7C}.Release|Any CPU.ActiveCfg = Release|Any CPU
		{DE79B8C4-7A90-47EE-A965-06E3CB008A7C}.Release|Any CPU.Build.0 = Release|Any CPU
	EndGlobalSection
	GlobalSection(SolutionProperties) = preSolution
		HideSolutionNode = FALSE
	EndGlobalSection
	GlobalSection(NestedProjects) = preSolution
		{4AFBE8D1-78B4-4F70-8C6A-07B284C790F6} = {127DDE52-244E-411F-A62D-AC0C5EFECAC8}
		{0F57F2DD-7BA7-43BF-ABD3-64173C95ECBC} = {127DDE52-244E-411F-A62D-AC0C5EFECAC8}
		{65E4199F-3E2E-41E3-AEE8-70DE7D6ACB5C} = {2F4CE6BF-6803-4D6F-A49A-CAC623E04A02}
		{39158906-7BB5-45F5-BB10-5770F483B1BD} = {2F4CE6BF-6803-4D6F-A49A-CAC623E04A02}
		{21E892D3-639C-4431-B481-28860B005680} = {182A943C-6C4E-4153-9AFA-8BD233AE1D04}
		{34B121D7-919C-48FF-A9B7-CD56BB7AA11B} = {182A943C-6C4E-4153-9AFA-8BD233AE1D04}
		{70F978B9-F6E2-40FE-BF8F-3E81D0E3CE4D} = {D19734B6-6BA4-45F4-A029-3E81866AC915}
		{D684F7FA-9964-4A70-8D89-393ACD5CCE56} = {D19734B6-6BA4-45F4-A029-3E81866AC915}
		{4784CB8D-38A2-4D47-8A12-9B06EDB959BD} = {AA4DC841-CC54-45C4-9822-873060AC7389}
		{700124C9-2EF6-4B15-BD14-D59A489A55B5} = {AA4DC841-CC54-45C4-9822-873060AC7389}
		{922682EE-48CB-44E3-AB3A-D7B3B397180F} = {4AFBE8D1-78B4-4F70-8C6A-07B284C790F6}
		{0343DFE6-57AA-49FA-A2A2-8853809F0F7D} = {4AFBE8D1-78B4-4F70-8C6A-07B284C790F6}
		{2BD562E5-060F-4B01-BC11-BE7EAC964BB3} = {0F57F2DD-7BA7-43BF-ABD3-64173C95ECBC}
		{86C3C78B-A923-4243-B579-24D7A0028381} = {21E892D3-639C-4431-B481-28860B005680}
		{3E50651D-9E5F-40B1-BA13-4F94CD0C4A92} = {21E892D3-639C-4431-B481-28860B005680}
		{580CE249-3802-4E1A-8882-1805B58FF7D5} = {21E892D3-639C-4431-B481-28860B005680}
		{83B1E906-7C3D-4A95-B015-2ED3A9B47EA2} = {21E892D3-639C-4431-B481-28860B005680}
		{9911B815-1FC2-4F0D-A882-E79A48DEC6FD} = {70F978B9-F6E2-40FE-BF8F-3E81D0E3CE4D}
		{D11B868A-128B-477B-8A53-84EB1304F16B} = {4784CB8D-38A2-4D47-8A12-9B06EDB959BD}
		{CD68D15D-96B0-4EAA-86C2-75B407649BDC} = {65E4199F-3E2E-41E3-AEE8-70DE7D6ACB5C}
		{E93FACA2-34E4-48DC-B503-85E5E9F66AD8} = {34B121D7-919C-48FF-A9B7-CD56BB7AA11B}
		{DDE7C6A6-1389-4359-B213-4331963AF116} = {39158906-7BB5-45F5-BB10-5770F483B1BD}
		{02A78073-20EE-40BA-B2D3-E480DA06C87C} = {D684F7FA-9964-4A70-8D89-393ACD5CCE56}
	EndGlobalSection
	GlobalSection(ExtensibilityGlobals) = postSolution
		SolutionGuid = {2E56349C-26F6-4600-B6BD-65628186ECF4}
	EndGlobalSection
EndGlobal
