
Microsoft Visual Studio Solution File, Format Version 12.00
# Visual Studio Version 16
VisualStudioVersion = 16.0.29806.167
MinimumVisualStudioVersion = 10.0.40219.1
Project("{2150E333-8FDC-42A3-9474-1A3956D46DE8}") = "src", "src", "{35BF85A1-4CF7-45B9-906B-0779AD9D0DBB}"
EndProject
Project("{2150E333-8FDC-42A3-9474-1A3956D46DE8}") = "Solution Items", "Solution Items", "{AD7BBBB3-0056-488C-A664-53AE15EA1EB7}"
	ProjectSection(SolutionItems) = preProject
		CodeAnalysis.ruleset = CodeAnalysis.ruleset
		docker-compose.yml = docker-compose.yml
		kibana.yml = kibana.yml
	EndProjectSection
EndProject
Project("{9A19103F-16F7-4668-BE54-9A1E7A4F7556}") = "DustyBot.Framework", "src\DustyBot.Framework\DustyBot.Framework.csproj", "{576561A9-4012-412C-95B5-C72EAEB78FF6}"
EndProject
Project("{9A19103F-16F7-4668-BE54-9A1E7A4F7556}") = "DustyBot", "src\DustyBot\DustyBot.csproj", "{C9C7846F-9BBF-4461-AE7A-A36052EDE81E}"
EndProject
Project("{9A19103F-16F7-4668-BE54-9A1E7A4F7556}") = "DustyBot.Web", "src\DustyBot.Web\DustyBot.Web.csproj", "{03048919-3F99-45FC-AA32-10D7BC1C10BE}"
EndProject
Project("{2150E333-8FDC-42A3-9474-1A3956D46DE8}") = "Database", "Database", "{3FAC07CE-70AB-49F9-855F-2008BE2E0463}"
EndProject
Project("{9A19103F-16F7-4668-BE54-9A1E7A4F7556}") = "DustyBot.Database.Core", "src\Database\DustyBot.Database.Core\DustyBot.Database.Core.csproj", "{BCF4BB59-D9BA-4E48-9CF9-F8969E0567F1}"
EndProject
Project("{9A19103F-16F7-4668-BE54-9A1E7A4F7556}") = "DustyBot.Database.Services", "src\Database\DustyBot.Database.Services\DustyBot.Database.Services.csproj", "{C317385C-8084-4F3D-A18B-2AFB205584D9}"
EndProject
Project("{2150E333-8FDC-42A3-9474-1A3956D46DE8}") = "_Shared", "_Shared", "{D4DD5103-B725-4053-AF2A-5D3421940163}"
EndProject
Project("{9A19103F-16F7-4668-BE54-9A1E7A4F7556}") = "DustyBot.Core", "src\_Shared\DustyBot.Core\DustyBot.Core.csproj", "{BCC2AED3-F017-4C2A-9455-0EBD8ECAC6F9}"
EndProject
Project("{9A19103F-16F7-4668-BE54-9A1E7A4F7556}") = "DustyBot.Database.Mongo", "src\Database\DustyBot.Database.Mongo\DustyBot.Database.Mongo.csproj", "{F744743B-E3FC-48A7-A8FA-8F72C432C122}"
EndProject
Project("{9A19103F-16F7-4668-BE54-9A1E7A4F7556}") = "DustyBot.Database.Sql", "src\Database\DustyBot.Database.Sql\DustyBot.Database.Sql.csproj", "{B1DDF073-BFA6-4DFC-BC46-25000C0B12DF}"
EndProject
Project("{00D1A9C2-B5F0-4AF3-8072-F6C62B433612}") = "DustyBot.Database.Sql.Schema", "src\Database\DustyBot.Database.Sql.Schema\DustyBot.Database.Sql.Schema.sqlproj", "{8E92E258-D86F-449F-BA8E-FD6BCD915E2C}"
EndProject
Project("{9A19103F-16F7-4668-BE54-9A1E7A4F7556}") = "DustyBot.Database.TableStorage", "src\Database\DustyBot.Database.TableStorage\DustyBot.Database.TableStorage.csproj", "{1E0BF54D-018A-400E-85FB-620B27A4E44C}"
EndProject
Project("{9A19103F-16F7-4668-BE54-9A1E7A4F7556}") = "DustyBot.LastFm", "src\_Shared\DustyBot.LastFm\DustyBot.LastFm.csproj", "{1C577DEF-4CBC-4DAC-80CF-1655721517EC}"
EndProject
Project("{2150E333-8FDC-42A3-9474-1A3956D46DE8}") = "tests", "tests", "{F32C4682-C1CE-406C-89F2-51177FBCAFED}"
EndProject
Project("{2150E333-8FDC-42A3-9474-1A3956D46DE8}") = "_Shared", "_Shared", "{E161C255-D3AC-4DDE-A6F8-E6977FA4E09E}"
EndProject
Project("{9A19103F-16F7-4668-BE54-9A1E7A4F7556}") = "DustyBot.Core.Tests", "tests\_Shared\DustyBot.Core.Tests\DustyBot.Core.Tests.csproj", "{C2F206B6-C516-40E4-AD5C-1D69FE717FBD}"
EndProject
Global
	GlobalSection(SolutionConfigurationPlatforms) = preSolution
		Debug|Any CPU = Debug|Any CPU
		Release|Any CPU = Release|Any CPU
	EndGlobalSection
	GlobalSection(ProjectConfigurationPlatforms) = postSolution
		{576561A9-4012-412C-95B5-C72EAEB78FF6}.Debug|Any CPU.ActiveCfg = Debug|Any CPU
		{576561A9-4012-412C-95B5-C72EAEB78FF6}.Debug|Any CPU.Build.0 = Debug|Any CPU
		{576561A9-4012-412C-95B5-C72EAEB78FF6}.Release|Any CPU.ActiveCfg = Release|Any CPU
		{576561A9-4012-412C-95B5-C72EAEB78FF6}.Release|Any CPU.Build.0 = Release|Any CPU
		{C9C7846F-9BBF-4461-AE7A-A36052EDE81E}.Debug|Any CPU.ActiveCfg = Debug|Any CPU
		{C9C7846F-9BBF-4461-AE7A-A36052EDE81E}.Debug|Any CPU.Build.0 = Debug|Any CPU
		{C9C7846F-9BBF-4461-AE7A-A36052EDE81E}.Release|Any CPU.ActiveCfg = Release|Any CPU
		{C9C7846F-9BBF-4461-AE7A-A36052EDE81E}.Release|Any CPU.Build.0 = Release|Any CPU
		{03048919-3F99-45FC-AA32-10D7BC1C10BE}.Debug|Any CPU.ActiveCfg = Debug|Any CPU
		{03048919-3F99-45FC-AA32-10D7BC1C10BE}.Debug|Any CPU.Build.0 = Debug|Any CPU
		{03048919-3F99-45FC-AA32-10D7BC1C10BE}.Release|Any CPU.ActiveCfg = Release|Any CPU
		{03048919-3F99-45FC-AA32-10D7BC1C10BE}.Release|Any CPU.Build.0 = Release|Any CPU
		{BCF4BB59-D9BA-4E48-9CF9-F8969E0567F1}.Debug|Any CPU.ActiveCfg = Debug|Any CPU
		{BCF4BB59-D9BA-4E48-9CF9-F8969E0567F1}.Debug|Any CPU.Build.0 = Debug|Any CPU
		{BCF4BB59-D9BA-4E48-9CF9-F8969E0567F1}.Release|Any CPU.ActiveCfg = Release|Any CPU
		{BCF4BB59-D9BA-4E48-9CF9-F8969E0567F1}.Release|Any CPU.Build.0 = Release|Any CPU
		{C317385C-8084-4F3D-A18B-2AFB205584D9}.Debug|Any CPU.ActiveCfg = Debug|Any CPU
		{C317385C-8084-4F3D-A18B-2AFB205584D9}.Debug|Any CPU.Build.0 = Debug|Any CPU
		{C317385C-8084-4F3D-A18B-2AFB205584D9}.Release|Any CPU.ActiveCfg = Release|Any CPU
		{C317385C-8084-4F3D-A18B-2AFB205584D9}.Release|Any CPU.Build.0 = Release|Any CPU
		{BCC2AED3-F017-4C2A-9455-0EBD8ECAC6F9}.Debug|Any CPU.ActiveCfg = Debug|Any CPU
		{BCC2AED3-F017-4C2A-9455-0EBD8ECAC6F9}.Debug|Any CPU.Build.0 = Debug|Any CPU
		{BCC2AED3-F017-4C2A-9455-0EBD8ECAC6F9}.Release|Any CPU.ActiveCfg = Release|Any CPU
		{BCC2AED3-F017-4C2A-9455-0EBD8ECAC6F9}.Release|Any CPU.Build.0 = Release|Any CPU
		{F744743B-E3FC-48A7-A8FA-8F72C432C122}.Debug|Any CPU.ActiveCfg = Debug|Any CPU
		{F744743B-E3FC-48A7-A8FA-8F72C432C122}.Debug|Any CPU.Build.0 = Debug|Any CPU
		{F744743B-E3FC-48A7-A8FA-8F72C432C122}.Release|Any CPU.ActiveCfg = Release|Any CPU
		{F744743B-E3FC-48A7-A8FA-8F72C432C122}.Release|Any CPU.Build.0 = Release|Any CPU
		{B1DDF073-BFA6-4DFC-BC46-25000C0B12DF}.Debug|Any CPU.ActiveCfg = Debug|Any CPU
		{B1DDF073-BFA6-4DFC-BC46-25000C0B12DF}.Debug|Any CPU.Build.0 = Debug|Any CPU
		{B1DDF073-BFA6-4DFC-BC46-25000C0B12DF}.Release|Any CPU.ActiveCfg = Release|Any CPU
		{B1DDF073-BFA6-4DFC-BC46-25000C0B12DF}.Release|Any CPU.Build.0 = Release|Any CPU
		{8E92E258-D86F-449F-BA8E-FD6BCD915E2C}.Debug|Any CPU.ActiveCfg = Debug|Any CPU
		{8E92E258-D86F-449F-BA8E-FD6BCD915E2C}.Debug|Any CPU.Build.0 = Debug|Any CPU
		{8E92E258-D86F-449F-BA8E-FD6BCD915E2C}.Debug|Any CPU.Deploy.0 = Debug|Any CPU
		{8E92E258-D86F-449F-BA8E-FD6BCD915E2C}.Release|Any CPU.ActiveCfg = Release|Any CPU
		{8E92E258-D86F-449F-BA8E-FD6BCD915E2C}.Release|Any CPU.Build.0 = Release|Any CPU
		{8E92E258-D86F-449F-BA8E-FD6BCD915E2C}.Release|Any CPU.Deploy.0 = Release|Any CPU
		{1E0BF54D-018A-400E-85FB-620B27A4E44C}.Debug|Any CPU.ActiveCfg = Debug|Any CPU
		{1E0BF54D-018A-400E-85FB-620B27A4E44C}.Debug|Any CPU.Build.0 = Debug|Any CPU
		{1E0BF54D-018A-400E-85FB-620B27A4E44C}.Release|Any CPU.ActiveCfg = Release|Any CPU
		{1E0BF54D-018A-400E-85FB-620B27A4E44C}.Release|Any CPU.Build.0 = Release|Any CPU
		{1C577DEF-4CBC-4DAC-80CF-1655721517EC}.Debug|Any CPU.ActiveCfg = Debug|Any CPU
		{1C577DEF-4CBC-4DAC-80CF-1655721517EC}.Debug|Any CPU.Build.0 = Debug|Any CPU
		{1C577DEF-4CBC-4DAC-80CF-1655721517EC}.Release|Any CPU.ActiveCfg = Release|Any CPU
		{1C577DEF-4CBC-4DAC-80CF-1655721517EC}.Release|Any CPU.Build.0 = Release|Any CPU
		{C2F206B6-C516-40E4-AD5C-1D69FE717FBD}.Debug|Any CPU.ActiveCfg = Debug|Any CPU
		{C2F206B6-C516-40E4-AD5C-1D69FE717FBD}.Debug|Any CPU.Build.0 = Debug|Any CPU
		{C2F206B6-C516-40E4-AD5C-1D69FE717FBD}.Release|Any CPU.ActiveCfg = Release|Any CPU
		{C2F206B6-C516-40E4-AD5C-1D69FE717FBD}.Release|Any CPU.Build.0 = Release|Any CPU
	EndGlobalSection
	GlobalSection(SolutionProperties) = preSolution
		HideSolutionNode = FALSE
	EndGlobalSection
	GlobalSection(NestedProjects) = preSolution
		{576561A9-4012-412C-95B5-C72EAEB78FF6} = {35BF85A1-4CF7-45B9-906B-0779AD9D0DBB}
		{C9C7846F-9BBF-4461-AE7A-A36052EDE81E} = {35BF85A1-4CF7-45B9-906B-0779AD9D0DBB}
		{03048919-3F99-45FC-AA32-10D7BC1C10BE} = {35BF85A1-4CF7-45B9-906B-0779AD9D0DBB}
		{3FAC07CE-70AB-49F9-855F-2008BE2E0463} = {35BF85A1-4CF7-45B9-906B-0779AD9D0DBB}
		{BCF4BB59-D9BA-4E48-9CF9-F8969E0567F1} = {3FAC07CE-70AB-49F9-855F-2008BE2E0463}
		{C317385C-8084-4F3D-A18B-2AFB205584D9} = {3FAC07CE-70AB-49F9-855F-2008BE2E0463}
		{D4DD5103-B725-4053-AF2A-5D3421940163} = {35BF85A1-4CF7-45B9-906B-0779AD9D0DBB}
		{BCC2AED3-F017-4C2A-9455-0EBD8ECAC6F9} = {D4DD5103-B725-4053-AF2A-5D3421940163}
		{F744743B-E3FC-48A7-A8FA-8F72C432C122} = {3FAC07CE-70AB-49F9-855F-2008BE2E0463}
		{B1DDF073-BFA6-4DFC-BC46-25000C0B12DF} = {3FAC07CE-70AB-49F9-855F-2008BE2E0463}
		{8E92E258-D86F-449F-BA8E-FD6BCD915E2C} = {3FAC07CE-70AB-49F9-855F-2008BE2E0463}
		{1E0BF54D-018A-400E-85FB-620B27A4E44C} = {3FAC07CE-70AB-49F9-855F-2008BE2E0463}
		{1C577DEF-4CBC-4DAC-80CF-1655721517EC} = {D4DD5103-B725-4053-AF2A-5D3421940163}
		{E161C255-D3AC-4DDE-A6F8-E6977FA4E09E} = {F32C4682-C1CE-406C-89F2-51177FBCAFED}
		{C2F206B6-C516-40E4-AD5C-1D69FE717FBD} = {E161C255-D3AC-4DDE-A6F8-E6977FA4E09E}
	EndGlobalSection
	GlobalSection(ExtensibilityGlobals) = postSolution
		SolutionGuid = {2E56349C-26F6-4600-B6BD-65628186ECF4}
	EndGlobalSection
EndGlobal
