
Microsoft Visual Studio Solution File, Format Version 12.00
# Visual Studio Version 16
VisualStudioVersion = 16.0.29806.167
MinimumVisualStudioVersion = 10.0.40219.1
Project("{2150E333-8FDC-42A3-9474-1A3956D46DE8}") = "src", "src", "{35BF85A1-4CF7-45B9-906B-0779AD9D0DBB}"
EndProject
Project("{2150E333-8FDC-42A3-9474-1A3956D46DE8}") = "Solution Items", "Solution Items", "{AD7BBBB3-0056-488C-A664-53AE15EA1EB7}"
EndProject
Project("{9A19103F-16F7-4668-BE54-9A1E7A4F7556}") = "DustyBot.Framework", "src\DustyBot.Framework\DustyBot.Framework.csproj", "{576561A9-4012-412C-95B5-C72EAEB78FF6}"
EndProject
Project("{9A19103F-16F7-4668-BE54-9A1E7A4F7556}") = "DustyBot.Framework.LiteDB", "src\DustyBot.Framework.LiteDB\DustyBot.Framework.LiteDB.csproj", "{FFD8422C-C724-49AB-A460-72692FD52FB0}"
EndProject
Project("{9A19103F-16F7-4668-BE54-9A1E7A4F7556}") = "DustyBot", "src\DustyBot\DustyBot.csproj", "{C9C7846F-9BBF-4461-AE7A-A36052EDE81E}"
EndProject
Project("{9A19103F-16F7-4668-BE54-9A1E7A4F7556}") = "DustyBot.Web", "src\DustyBot.Web\DustyBot.Web.csproj", "{03048919-3F99-45FC-AA32-10D7BC1C10BE}"
EndProject
Project("{9A19103F-16F7-4668-BE54-9A1E7A4F7556}") = "DustyBot.Entities", "src\DustyBot.Entities\DustyBot.Entities.csproj", "{26D5B351-683F-4880-9089-87A3AB944628}"
EndProject
Project("{FAE04EC0-301F-11D3-BF4B-00C04F79EFBC}") = "DustyBot.Database.Entities", "src\Database\DustyBot.Database.Entities\DustyBot.Database.Entities.csproj", "{CB0E59C5-1E3C-4ABA-BDE6-873C8CB5B9FC}"
EndProject
Project("{2150E333-8FDC-42A3-9474-1A3956D46DE8}") = "Database", "Database", "{3FAC07CE-70AB-49F9-855F-2008BE2E0463}"
EndProject
Project("{00D1A9C2-B5F0-4AF3-8072-F6C62B433612}") = "DustyBot.Database.Sql", "src\Database\DustyBot.Database.Sql\DustyBot.Database.Sql.sqlproj", "{8E92E258-D86F-449F-BA8E-FD6BCD915E2C}"
EndProject
Project("{FAE04EC0-301F-11D3-BF4B-00C04F79EFBC}") = "DustyBot.Database.Core", "src\Database\DustyBot.Database.Core\DustyBot.Database.Core.csproj", "{BCF4BB59-D9BA-4E48-9CF9-F8969E0567F1}"
EndProject
Project("{FAE04EC0-301F-11D3-BF4B-00C04F79EFBC}") = "DustyBot.Database.Services", "src\Database\DustyBot.Database.Services\DustyBot.Database.Services.csproj", "{C317385C-8084-4F3D-A18B-2AFB205584D9}"
EndProject
Project("{2150E333-8FDC-42A3-9474-1A3956D46DE8}") = "_Shared", "_Shared", "{D4DD5103-B725-4053-AF2A-5D3421940163}"
EndProject
Project("{FAE04EC0-301F-11D3-BF4B-00C04F79EFBC}") = "DustyBot.Core", "src\_Shared\DustyBot.Core\DustyBot.Core.csproj", "{BCC2AED3-F017-4C2A-9455-0EBD8ECAC6F9}"
EndProject
Global
	GlobalSection(SolutionConfigurationPlatforms) = preSolution
		Debug|Any CPU = Debug|Any CPU
		Release|Any CPU = Release|Any CPU
	EndGlobalSection
	GlobalSection(ProjectConfigurationPlatforms) = postSolution
		{576561A9-4012-412C-95B5-C72EAEB78FF6}.Debug|Any CPU.ActiveCfg = Debug|Any CPU
		{576561A9-4012-412C-95B5-C72EAEB78FF6}.Debug|Any CPU.Build.0 = Debug|Any CPU
		{576561A9-4012-412C-95B5-C72EAEB78FF6}.Release|Any CPU.ActiveCfg = Release|Any CPU
		{576561A9-4012-412C-95B5-C72EAEB78FF6}.Release|Any CPU.Build.0 = Release|Any CPU
		{FFD8422C-C724-49AB-A460-72692FD52FB0}.Debug|Any CPU.ActiveCfg = Debug|Any CPU
		{FFD8422C-C724-49AB-A460-72692FD52FB0}.Debug|Any CPU.Build.0 = Debug|Any CPU
		{FFD8422C-C724-49AB-A460-72692FD52FB0}.Release|Any CPU.ActiveCfg = Release|Any CPU
		{FFD8422C-C724-49AB-A460-72692FD52FB0}.Release|Any CPU.Build.0 = Release|Any CPU
		{C9C7846F-9BBF-4461-AE7A-A36052EDE81E}.Debug|Any CPU.ActiveCfg = Debug|Any CPU
		{C9C7846F-9BBF-4461-AE7A-A36052EDE81E}.Debug|Any CPU.Build.0 = Debug|Any CPU
		{C9C7846F-9BBF-4461-AE7A-A36052EDE81E}.Release|Any CPU.ActiveCfg = Release|Any CPU
		{C9C7846F-9BBF-4461-AE7A-A36052EDE81E}.Release|Any CPU.Build.0 = Release|Any CPU
		{03048919-3F99-45FC-AA32-10D7BC1C10BE}.Debug|Any CPU.ActiveCfg = Debug|Any CPU
		{03048919-3F99-45FC-AA32-10D7BC1C10BE}.Debug|Any CPU.Build.0 = Debug|Any CPU
		{03048919-3F99-45FC-AA32-10D7BC1C10BE}.Release|Any CPU.ActiveCfg = Release|Any CPU
		{03048919-3F99-45FC-AA32-10D7BC1C10BE}.Release|Any CPU.Build.0 = Release|Any CPU
		{26D5B351-683F-4880-9089-87A3AB944628}.Debug|Any CPU.ActiveCfg = Debug|Any CPU
		{26D5B351-683F-4880-9089-87A3AB944628}.Debug|Any CPU.Build.0 = Debug|Any CPU
		{26D5B351-683F-4880-9089-87A3AB944628}.Release|Any CPU.ActiveCfg = Release|Any CPU
		{26D5B351-683F-4880-9089-87A3AB944628}.Release|Any CPU.Build.0 = Release|Any CPU
		{CB0E59C5-1E3C-4ABA-BDE6-873C8CB5B9FC}.Debug|Any CPU.ActiveCfg = Debug|Any CPU
		{CB0E59C5-1E3C-4ABA-BDE6-873C8CB5B9FC}.Debug|Any CPU.Build.0 = Debug|Any CPU
		{CB0E59C5-1E3C-4ABA-BDE6-873C8CB5B9FC}.Release|Any CPU.ActiveCfg = Release|Any CPU
		{CB0E59C5-1E3C-4ABA-BDE6-873C8CB5B9FC}.Release|Any CPU.Build.0 = Release|Any CPU
		{8E92E258-D86F-449F-BA8E-FD6BCD915E2C}.Debug|Any CPU.ActiveCfg = Debug|Any CPU
		{8E92E258-D86F-449F-BA8E-FD6BCD915E2C}.Debug|Any CPU.Build.0 = Debug|Any CPU
		{8E92E258-D86F-449F-BA8E-FD6BCD915E2C}.Debug|Any CPU.Deploy.0 = Debug|Any CPU
		{8E92E258-D86F-449F-BA8E-FD6BCD915E2C}.Release|Any CPU.ActiveCfg = Release|Any CPU
		{8E92E258-D86F-449F-BA8E-FD6BCD915E2C}.Release|Any CPU.Build.0 = Release|Any CPU
		{8E92E258-D86F-449F-BA8E-FD6BCD915E2C}.Release|Any CPU.Deploy.0 = Release|Any CPU
		{BCF4BB59-D9BA-4E48-9CF9-F8969E0567F1}.Debug|Any CPU.ActiveCfg = Debug|Any CPU
		{BCF4BB59-D9BA-4E48-9CF9-F8969E0567F1}.Debug|Any CPU.Build.0 = Debug|Any CPU
		{BCF4BB59-D9BA-4E48-9CF9-F8969E0567F1}.Release|Any CPU.ActiveCfg = Release|Any CPU
		{BCF4BB59-D9BA-4E48-9CF9-F8969E0567F1}.Release|Any CPU.Build.0 = Release|Any CPU
		{C317385C-8084-4F3D-A18B-2AFB205584D9}.Debug|Any CPU.ActiveCfg = Debug|Any CPU
		{C317385C-8084-4F3D-A18B-2AFB205584D9}.Debug|Any CPU.Build.0 = Debug|Any CPU
		{C317385C-8084-4F3D-A18B-2AFB205584D9}.Release|Any CPU.ActiveCfg = Release|Any CPU
		{C317385C-8084-4F3D-A18B-2AFB205584D9}.Release|Any CPU.Build.0 = Release|Any CPU
		{BCC2AED3-F017-4C2A-9455-0EBD8ECAC6F9}.Debug|Any CPU.ActiveCfg = Debug|Any CPU
		{BCC2AED3-F017-4C2A-9455-0EBD8ECAC6F9}.Debug|Any CPU.Build.0 = Debug|Any CPU
		{BCC2AED3-F017-4C2A-9455-0EBD8ECAC6F9}.Release|Any CPU.ActiveCfg = Release|Any CPU
		{BCC2AED3-F017-4C2A-9455-0EBD8ECAC6F9}.Release|Any CPU.Build.0 = Release|Any CPU
	EndGlobalSection
	GlobalSection(SolutionProperties) = preSolution
		HideSolutionNode = FALSE
	EndGlobalSection
	GlobalSection(NestedProjects) = preSolution
		{576561A9-4012-412C-95B5-C72EAEB78FF6} = {35BF85A1-4CF7-45B9-906B-0779AD9D0DBB}
		{FFD8422C-C724-49AB-A460-72692FD52FB0} = {35BF85A1-4CF7-45B9-906B-0779AD9D0DBB}
		{C9C7846F-9BBF-4461-AE7A-A36052EDE81E} = {35BF85A1-4CF7-45B9-906B-0779AD9D0DBB}
		{03048919-3F99-45FC-AA32-10D7BC1C10BE} = {35BF85A1-4CF7-45B9-906B-0779AD9D0DBB}
		{26D5B351-683F-4880-9089-87A3AB944628} = {35BF85A1-4CF7-45B9-906B-0779AD9D0DBB}
		{CB0E59C5-1E3C-4ABA-BDE6-873C8CB5B9FC} = {3FAC07CE-70AB-49F9-855F-2008BE2E0463}
		{3FAC07CE-70AB-49F9-855F-2008BE2E0463} = {35BF85A1-4CF7-45B9-906B-0779AD9D0DBB}
		{8E92E258-D86F-449F-BA8E-FD6BCD915E2C} = {3FAC07CE-70AB-49F9-855F-2008BE2E0463}
		{BCF4BB59-D9BA-4E48-9CF9-F8969E0567F1} = {3FAC07CE-70AB-49F9-855F-2008BE2E0463}
		{C317385C-8084-4F3D-A18B-2AFB205584D9} = {3FAC07CE-70AB-49F9-855F-2008BE2E0463}
		{D4DD5103-B725-4053-AF2A-5D3421940163} = {35BF85A1-4CF7-45B9-906B-0779AD9D0DBB}
		{BCC2AED3-F017-4C2A-9455-0EBD8ECAC6F9} = {D4DD5103-B725-4053-AF2A-5D3421940163}
	EndGlobalSection
	GlobalSection(ExtensibilityGlobals) = postSolution
		SolutionGuid = {2E56349C-26F6-4600-B6BD-65628186ECF4}
	EndGlobalSection
EndGlobal
